
Microsoft Visual Studio Solution File, Format Version 12.00
# Visual Studio Version 17
VisualStudioVersion = 17.1.32210.238
MinimumVisualStudioVersion = 10.0.40219.1
Project("{FAE04EC0-301F-11D3-BF4B-00C04F79EFBC}") = "laba5bd", "laba5bd\laba5bd.csproj", "{57C0FECC-E8A5-44BD-9528-3CA9E8F8AD28}"
EndProject
Global
	GlobalSection(SolutionConfigurationPlatforms) = preSolution
		Debug|Any CPU = Debug|Any CPU
		Release|Any CPU = Release|Any CPU
	EndGlobalSection
	GlobalSection(ProjectConfigurationPlatforms) = postSolution
		{57C0FECC-E8A5-44BD-9528-3CA9E8F8AD28}.Debug|Any CPU.ActiveCfg = Debug|Any CPU
		{57C0FECC-E8A5-44BD-9528-3CA9E8F8AD28}.Debug|Any CPU.Build.0 = Debug|Any CPU
		{57C0FECC-E8A5-44BD-9528-3CA9E8F8AD28}.Release|Any CPU.ActiveCfg = Release|Any CPU
		{57C0FECC-E8A5-44BD-9528-3CA9E8F8AD28}.Release|Any CPU.Build.0 = Release|Any CPU
	EndGlobalSection
	GlobalSection(SolutionProperties) = preSolution
		HideSolutionNode = FALSE
	EndGlobalSection
	GlobalSection(ExtensibilityGlobals) = postSolution
		SolutionGuid = {8BF64C25-D61C-40F0-9E16-B06E46649220}
	EndGlobalSection
EndGlobal
